// !$*UTF8*$!
{
	archiveVersion = 1;
	classes = {
	};
	objectVersion = 46;
	objects = {

/* Begin PBXBuildFile section */
		C5E354A61C7D49F40058D026 /* main.m in Sources */ = {isa = PBXBuildFile; fileRef = C5E354A51C7D49F40058D026 /* main.m */; };
		C5E354A91C7D49F50058D026 /* AppDelegate.m in Sources */ = {isa = PBXBuildFile; fileRef = C5E354A81C7D49F50058D026 /* AppDelegate.m */; };
		C5E354AC1C7D49F50058D026 /* ViewController.m in Sources */ = {isa = PBXBuildFile; fileRef = C5E354AB1C7D49F50058D026 /* ViewController.m */; };
		C5E354AF1C7D49F50058D026 /* Main.storyboard in Resources */ = {isa = PBXBuildFile; fileRef = C5E354AD1C7D49F50058D026 /* Main.storyboard */; };
		C5E354B11C7D49F50058D026 /* Assets.xcassets in Resources */ = {isa = PBXBuildFile; fileRef = C5E354B01C7D49F50058D026 /* Assets.xcassets */; };
		C5E354B41C7D49F50058D026 /* LaunchScreen.storyboard in Resources */ = {isa = PBXBuildFile; fileRef = C5E354B21C7D49F50058D026 /* LaunchScreen.storyboard */; };
		C5E354BF1C7D49F50058D026 /* RunTimeApplyTests.m in Sources */ = {isa = PBXBuildFile; fileRef = C5E354BE1C7D49F50058D026 /* RunTimeApplyTests.m */; };
		C5E354CA1C7D49F50058D026 /* RunTimeApplyUITests.m in Sources */ = {isa = PBXBuildFile; fileRef = C5E354C91C7D49F50058D026 /* RunTimeApplyUITests.m */; };
		C5E354D91C7D4A0B0058D026 /* Student.m in Sources */ = {isa = PBXBuildFile; fileRef = C5E354D81C7D4A0B0058D026 /* Student.m */; };
		C5E354DC1C7D4A880058D026 /* NSObject+Expand.m in Sources */ = {isa = PBXBuildFile; fileRef = C5E354DB1C7D4A880058D026 /* NSObject+Expand.m */; };
/* End PBXBuildFile section */

/* Begin PBXContainerItemProxy section */
		C5E354BB1C7D49F50058D026 /* PBXContainerItemProxy */ = {
			isa = PBXContainerItemProxy;
			containerPortal = C5E354991C7D49F40058D026 /* Project object */;
			proxyType = 1;
			remoteGlobalIDString = C5E354A01C7D49F40058D026;
			remoteInfo = RunTimeApply;
		};
		C5E354C61C7D49F50058D026 /* PBXContainerItemProxy */ = {
			isa = PBXContainerItemProxy;
			containerPortal = C5E354991C7D49F40058D026 /* Project object */;
			proxyType = 1;
			remoteGlobalIDString = C5E354A01C7D49F40058D026;
			remoteInfo = RunTimeApply;
		};
/* End PBXContainerItemProxy section */

/* Begin PBXFileReference section */
		C5E354A11C7D49F40058D026 /* RunTimeApply.app */ = {isa = PBXFileReference; explicitFileType = wrapper.application; includeInIndex = 0; path = RunTimeApply.app; sourceTree = BUILT_PRODUCTS_DIR; };
		C5E354A51C7D49F40058D026 /* main.m */ = {isa = PBXFileReference; lastKnownFileType = sourcecode.c.objc; path = main.m; sourceTree = "<group>"; };
		C5E354A71C7D49F50058D026 /* AppDelegate.h */ = {isa = PBXFileReference; lastKnownFileType = sourcecode.c.h; path = AppDelegate.h; sourceTree = "<group>"; };
		C5E354A81C7D49F50058D026 /* AppDelegate.m */ = {isa = PBXFileReference; lastKnownFileType = sourcecode.c.objc; path = AppDelegate.m; sourceTree = "<group>"; };
		C5E354AA1C7D49F50058D026 /* ViewController.h */ = {isa = PBXFileReference; lastKnownFileType = sourcecode.c.h; path = ViewController.h; sourceTree = "<group>"; };
		C5E354AB1C7D49F50058D026 /* ViewController.m */ = {isa = PBXFileReference; lastKnownFileType = sourcecode.c.objc; path = ViewController.m; sourceTree = "<group>"; };
		C5E354AE1C7D49F50058D026 /* Base */ = {isa = PBXFileReference; lastKnownFileType = file.storyboard; name = Base; path = Base.lproj/Main.storyboard; sourceTree = "<group>"; };
		C5E354B01C7D49F50058D026 /* Assets.xcassets */ = {isa = PBXFileReference; lastKnownFileType = folder.assetcatalog; path = Assets.xcassets; sourceTree = "<group>"; };
		C5E354B31C7D49F50058D026 /* Base */ = {isa = PBXFileReference; lastKnownFileType = file.storyboard; name = Base; path = Base.lproj/LaunchScreen.storyboard; sourceTree = "<group>"; };
		C5E354B51C7D49F50058D026 /* Info.plist */ = {isa = PBXFileReference; lastKnownFileType = text.plist.xml; path = Info.plist; sourceTree = "<group>"; };
		C5E354BA1C7D49F50058D026 /* RunTimeApplyTests.xctest */ = {isa = PBXFileReference; explicitFileType = wrapper.cfbundle; includeInIndex = 0; path = RunTimeApplyTests.xctest; sourceTree = BUILT_PRODUCTS_DIR; };
		C5E354BE1C7D49F50058D026 /* RunTimeApplyTests.m */ = {isa = PBXFileReference; lastKnownFileType = sourcecode.c.objc; path = RunTimeApplyTests.m; sourceTree = "<group>"; };
		C5E354C01C7D49F50058D026 /* Info.plist */ = {isa = PBXFileReference; lastKnownFileType = text.plist.xml; path = Info.plist; sourceTree = "<group>"; };
		C5E354C51C7D49F50058D026 /* RunTimeApplyUITests.xctest */ = {isa = PBXFileReference; explicitFileType = wrapper.cfbundle; includeInIndex = 0; path = RunTimeApplyUITests.xctest; sourceTree = BUILT_PRODUCTS_DIR; };
		C5E354C91C7D49F50058D026 /* RunTimeApplyUITests.m */ = {isa = PBXFileReference; lastKnownFileType = sourcecode.c.objc; path = RunTimeApplyUITests.m; sourceTree = "<group>"; };
		C5E354CB1C7D49F50058D026 /* Info.plist */ = {isa = PBXFileReference; lastKnownFileType = text.plist.xml; path = Info.plist; sourceTree = "<group>"; };
		C5E354D71C7D4A0B0058D026 /* Student.h */ = {isa = PBXFileReference; fileEncoding = 4; lastKnownFileType = sourcecode.c.h; path = Student.h; sourceTree = "<group>"; };
		C5E354D81C7D4A0B0058D026 /* Student.m */ = {isa = PBXFileReference; fileEncoding = 4; lastKnownFileType = sourcecode.c.objc; path = Student.m; sourceTree = "<group>"; };
		C5E354DA1C7D4A880058D026 /* NSObject+Expand.h */ = {isa = PBXFileReference; fileEncoding = 4; lastKnownFileType = sourcecode.c.h; path = "NSObject+Expand.h"; sourceTree = "<group>"; };
		C5E354DB1C7D4A880058D026 /* NSObject+Expand.m */ = {isa = PBXFileReference; fileEncoding = 4; lastKnownFileType = sourcecode.c.objc; path = "NSObject+Expand.m"; sourceTree = "<group>"; };
/* End PBXFileReference section */

/* Begin PBXFrameworksBuildPhase section */
		C5E3549E1C7D49F40058D026 /* Frameworks */ = {
			isa = PBXFrameworksBuildPhase;
			buildActionMask = 2147483647;
			files = (
			);
			runOnlyForDeploymentPostprocessing = 0;
		};
		C5E354B71C7D49F50058D026 /* Frameworks */ = {
			isa = PBXFrameworksBuildPhase;
			buildActionMask = 2147483647;
			files = (
			);
			runOnlyForDeploymentPostprocessing = 0;
		};
		C5E354C21C7D49F50058D026 /* Frameworks */ = {
			isa = PBXFrameworksBuildPhase;
			buildActionMask = 2147483647;
			files = (
			);
			runOnlyForDeploymentPostprocessing = 0;
		};
/* End PBXFrameworksBuildPhase section */

/* Begin PBXGroup section */
		C5E354981C7D49F40058D026 = {
			isa = PBXGroup;
			children = (
				C5E354A31C7D49F40058D026 /* RunTimeApply */,
				C5E354BD1C7D49F50058D026 /* RunTimeApplyTests */,
				C5E354C81C7D49F50058D026 /* RunTimeApplyUITests */,
				C5E354A21C7D49F40058D026 /* Products */,
			);
			sourceTree = "<group>";
		};
		C5E354A21C7D49F40058D026 /* Products */ = {
			isa = PBXGroup;
			children = (
				C5E354A11C7D49F40058D026 /* RunTimeApply.app */,
				C5E354BA1C7D49F50058D026 /* RunTimeApplyTests.xctest */,
				C5E354C51C7D49F50058D026 /* RunTimeApplyUITests.xctest */,
			);
			name = Products;
			sourceTree = "<group>";
		};
		C5E354A31C7D49F40058D026 /* RunTimeApply */ = {
			isa = PBXGroup;
			children = (
				C5E354A71C7D49F50058D026 /* AppDelegate.h */,
				C5E354A81C7D49F50058D026 /* AppDelegate.m */,
				C5E354AA1C7D49F50058D026 /* ViewController.h */,
				C5E354AB1C7D49F50058D026 /* ViewController.m */,
				C5E354DA1C7D4A880058D026 /* NSObject+Expand.h */,
				C5E354DB1C7D4A880058D026 /* NSObject+Expand.m */,
				C5E354D71C7D4A0B0058D026 /* Student.h */,
				C5E354D81C7D4A0B0058D026 /* Student.m */,
				C5E354AD1C7D49F50058D026 /* Main.storyboard */,
				C5E354B01C7D49F50058D026 /* Assets.xcassets */,
				C5E354B21C7D49F50058D026 /* LaunchScreen.storyboard */,
				C5E354B51C7D49F50058D026 /* Info.plist */,
				C5E354A41C7D49F40058D026 /* Supporting Files */,
			);
			path = RunTimeApply;
			sourceTree = "<group>";
		};
		C5E354A41C7D49F40058D026 /* Supporting Files */ = {
			isa = PBXGroup;
			children = (
				C5E354A51C7D49F40058D026 /* main.m */,
			);
			name = "Supporting Files";
			sourceTree = "<group>";
		};
		C5E354BD1C7D49F50058D026 /* RunTimeApplyTests */ = {
			isa = PBXGroup;
			children = (
				C5E354BE1C7D49F50058D026 /* RunTimeApplyTests.m */,
				C5E354C01C7D49F50058D026 /* Info.plist */,
			);
			path = RunTimeApplyTests;
			sourceTree = "<group>";
		};
		C5E354C81C7D49F50058D026 /* RunTimeApplyUITests */ = {
			isa = PBXGroup;
			children = (
				C5E354C91C7D49F50058D026 /* RunTimeApplyUITests.m */,
				C5E354CB1C7D49F50058D026 /* Info.plist */,
			);
			path = RunTimeApplyUITests;
			sourceTree = "<group>";
		};
/* End PBXGroup section */

/* Begin PBXNativeTarget section */
		C5E354A01C7D49F40058D026 /* RunTimeApply */ = {
			isa = PBXNativeTarget;
			buildConfigurationList = C5E354CE1C7D49F50058D026 /* Build configuration list for PBXNativeTarget "RunTimeApply" */;
			buildPhases = (
				C5E3549D1C7D49F40058D026 /* Sources */,
				C5E3549E1C7D49F40058D026 /* Frameworks */,
				C5E3549F1C7D49F40058D026 /* Resources */,
			);
			buildRules = (
			);
			dependencies = (
			);
			name = RunTimeApply;
			productName = RunTimeApply;
			productReference = C5E354A11C7D49F40058D026 /* RunTimeApply.app */;
			productType = "com.apple.product-type.application";
		};
		C5E354B91C7D49F50058D026 /* RunTimeApplyTests */ = {
			isa = PBXNativeTarget;
			buildConfigurationList = C5E354D11C7D49F50058D026 /* Build configuration list for PBXNativeTarget "RunTimeApplyTests" */;
			buildPhases = (
				C5E354B61C7D49F50058D026 /* Sources */,
				C5E354B71C7D49F50058D026 /* Frameworks */,
				C5E354B81C7D49F50058D026 /* Resources */,
			);
			buildRules = (
			);
			dependencies = (
				C5E354BC1C7D49F50058D026 /* PBXTargetDependency */,
			);
			name = RunTimeApplyTests;
			productName = RunTimeApplyTests;
			productReference = C5E354BA1C7D49F50058D026 /* RunTimeApplyTests.xctest */;
			productType = "com.apple.product-type.bundle.unit-test";
		};
		C5E354C41C7D49F50058D026 /* RunTimeApplyUITests */ = {
			isa = PBXNativeTarget;
			buildConfigurationList = C5E354D41C7D49F50058D026 /* Build configuration list for PBXNativeTarget "RunTimeApplyUITests" */;
			buildPhases = (
				C5E354C11C7D49F50058D026 /* Sources */,
				C5E354C21C7D49F50058D026 /* Frameworks */,
				C5E354C31C7D49F50058D026 /* Resources */,
			);
			buildRules = (
			);
			dependencies = (
				C5E354C71C7D49F50058D026 /* PBXTargetDependency */,
			);
			name = RunTimeApplyUITests;
			productName = RunTimeApplyUITests;
			productReference = C5E354C51C7D49F50058D026 /* RunTimeApplyUITests.xctest */;
			productType = "com.apple.product-type.bundle.ui-testing";
		};
/* End PBXNativeTarget section */

/* Begin PBXProject section */
		C5E354991C7D49F40058D026 /* Project object */ = {
			isa = PBXProject;
			attributes = {
				LastUpgradeCheck = 0720;
				ORGANIZATIONNAME = Ericdong;
				TargetAttributes = {
					C5E354A01C7D49F40058D026 = {
						CreatedOnToolsVersion = 7.2.1;
					};
					C5E354B91C7D49F50058D026 = {
						CreatedOnToolsVersion = 7.2.1;
						TestTargetID = C5E354A01C7D49F40058D026;
					};
					C5E354C41C7D49F50058D026 = {
						CreatedOnToolsVersion = 7.2.1;
						TestTargetID = C5E354A01C7D49F40058D026;
					};
				};
			};
			buildConfigurationList = C5E3549C1C7D49F40058D026 /* Build configuration list for PBXProject "RunTimeApply" */;
			compatibilityVersion = "Xcode 3.2";
			developmentRegion = English;
			hasScannedForEncodings = 0;
			knownRegions = (
				en,
				Base,
			);
			mainGroup = C5E354981C7D49F40058D026;
			productRefGroup = C5E354A21C7D49F40058D026 /* Products */;
			projectDirPath = "";
			projectRoot = "";
			targets = (
				C5E354A01C7D49F40058D026 /* RunTimeApply */,
				C5E354B91C7D49F50058D026 /* RunTimeApplyTests */,
				C5E354C41C7D49F50058D026 /* RunTimeApplyUITests */,
			);
		};
/* End PBXProject section */

/* Begin PBXResourcesBuildPhase section */
		C5E3549F1C7D49F40058D026 /* Resources */ = {
			isa = PBXResourcesBuildPhase;
			buildActionMask = 2147483647;
			files = (
				C5E354B41C7D49F50058D026 /* LaunchScreen.storyboard in Resources */,
				C5E354B11C7D49F50058D026 /* Assets.xcassets in Resources */,
				C5E354AF1C7D49F50058D026 /* Main.storyboard in Resources */,
			);
			runOnlyForDeploymentPostprocessing = 0;
		};
		C5E354B81C7D49F50058D026 /* Resources */ = {
			isa = PBXResourcesBuildPhase;
			buildActionMask = 2147483647;
			files = (
			);
			runOnlyForDeploymentPostprocessing = 0;
		};
		C5E354C31C7D49F50058D026 /* Resources */ = {
			isa = PBXResourcesBuildPhase;
			buildActionMask = 2147483647;
			files = (
			);
			runOnlyForDeploymentPostprocessing = 0;
		};
/* End PBXResourcesBuildPhase section */

/* Begin PBXSourcesBuildPhase section */
		C5E3549D1C7D49F40058D026 /* Sources */ = {
			isa = PBXSourcesBuildPhase;
			buildActionMask = 2147483647;
			files = (
				C5E354AC1C7D49F50058D026 /* ViewController.m in Sources */,
				C5E354A91C7D49F50058D026 /* AppDelegate.m in Sources */,
				C5E354A61C7D49F40058D026 /* main.m in Sources */,
				C5E354DC1C7D4A880058D026 /* NSObject+Expand.m in Sources */,
				C5E354D91C7D4A0B0058D026 /* Student.m in Sources */,
			);
			runOnlyForDeploymentPostprocessing = 0;
		};
		C5E354B61C7D49F50058D026 /* Sources */ = {
			isa = PBXSourcesBuildPhase;
			buildActionMask = 2147483647;
			files = (
				C5E354BF1C7D49F50058D026 /* RunTimeApplyTests.m in Sources */,
			);
			runOnlyForDeploymentPostprocessing = 0;
		};
		C5E354C11C7D49F50058D026 /* Sources */ = {
			isa = PBXSourcesBuildPhase;
			buildActionMask = 2147483647;
			files = (
				C5E354CA1C7D49F50058D026 /* RunTimeApplyUITests.m in Sources */,
			);
			runOnlyForDeploymentPostprocessing = 0;
		};
/* End PBXSourcesBuildPhase section */

/* Begin PBXTargetDependency section */
		C5E354BC1C7D49F50058D026 /* PBXTargetDependency */ = {
			isa = PBXTargetDependency;
			target = C5E354A01C7D49F40058D026 /* RunTimeApply */;
			targetProxy = C5E354BB1C7D49F50058D026 /* PBXContainerItemProxy */;
		};
		C5E354C71C7D49F50058D026 /* PBXTargetDependency */ = {
			isa = PBXTargetDependency;
			target = C5E354A01C7D49F40058D026 /* RunTimeApply */;
			targetProxy = C5E354C61C7D49F50058D026 /* PBXContainerItemProxy */;
		};
/* End PBXTargetDependency section */

/* Begin PBXVariantGroup section */
		C5E354AD1C7D49F50058D026 /* Main.storyboard */ = {
			isa = PBXVariantGroup;
			children = (
				C5E354AE1C7D49F50058D026 /* Base */,
			);
			name = Main.storyboard;
			sourceTree = "<group>";
		};
		C5E354B21C7D49F50058D026 /* LaunchScreen.storyboard */ = {
			isa = PBXVariantGroup;
			children = (
				C5E354B31C7D49F50058D026 /* Base */,
			);
			name = LaunchScreen.storyboard;
			sourceTree = "<group>";
		};
/* End PBXVariantGroup section */

/* Begin XCBuildConfiguration section */
		C5E354CC1C7D49F50058D026 /* Debug */ = {
			isa = XCBuildConfiguration;
			buildSettings = {
				ALWAYS_SEARCH_USER_PATHS = NO;
				CLANG_CXX_LANGUAGE_STANDARD = "gnu++0x";
				CLANG_CXX_LIBRARY = "libc++";
				CLANG_ENABLE_MODULES = YES;
				CLANG_ENABLE_OBJC_ARC = YES;
				CLANG_WARN_BOOL_CONVERSION = YES;
				CLANG_WARN_CONSTANT_CONVERSION = YES;
				CLANG_WARN_DIRECT_OBJC_ISA_USAGE = YES_ERROR;
				CLANG_WARN_EMPTY_BODY = YES;
				CLANG_WARN_ENUM_CONVERSION = YES;
				CLANG_WARN_INT_CONVERSION = YES;
				CLANG_WARN_OBJC_ROOT_CLASS = YES_ERROR;
				CLANG_WARN_UNREACHABLE_CODE = YES;
				CLANG_WARN__DUPLICATE_METHOD_MATCH = YES;
				"CODE_SIGN_IDENTITY[sdk=iphoneos*]" = "iPhone Developer";
				COPY_PHASE_STRIP = NO;
				DEBUG_INFORMATION_FORMAT = dwarf;
				ENABLE_STRICT_OBJC_MSGSEND = YES;
				ENABLE_TESTABILITY = YES;
				GCC_C_LANGUAGE_STANDARD = gnu99;
				GCC_DYNAMIC_NO_PIC = NO;
				GCC_NO_COMMON_BLOCKS = YES;
				GCC_OPTIMIZATION_LEVEL = 0;
				GCC_PREPROCESSOR_DEFINITIONS = (
					"DEBUG=1",
					"$(inherited)",
				);
				GCC_WARN_64_TO_32_BIT_CONVERSION = YES;
				GCC_WARN_ABOUT_RETURN_TYPE = YES_ERROR;
				GCC_WARN_UNDECLARED_SELECTOR = YES;
				GCC_WARN_UNINITIALIZED_AUTOS = YES_AGGRESSIVE;
				GCC_WARN_UNUSED_FUNCTION = YES;
				GCC_WARN_UNUSED_VARIABLE = YES;
				IPHONEOS_DEPLOYMENT_TARGET = 9.2;
				MTL_ENABLE_DEBUG_INFO = YES;
				ONLY_ACTIVE_ARCH = YES;
				SDKROOT = iphoneos;
				TARGETED_DEVICE_FAMILY = "1,2";
			};
			name = Debug;
		};
		C5E354CD1C7D49F50058D026 /* Release */ = {
			isa = XCBuildConfiguration;
			buildSettings = {
				ALWAYS_SEARCH_USER_PATHS = NO;
				CLANG_CXX_LANGUAGE_STANDARD = "gnu++0x";
				CLANG_CXX_LIBRARY = "libc++";
				CLANG_ENABLE_MODULES = YES;
				CLANG_ENABLE_OBJC_ARC = YES;
				CLANG_WARN_BOOL_CONVERSION = YES;
				CLANG_WARN_CONSTANT_CONVERSION = YES;
				CLANG_WARN_DIRECT_OBJC_ISA_USAGE = YES_ERROR;
				CLANG_WARN_EMPTY_BODY = YES;
				CLANG_WARN_ENUM_CONVERSION = YES;
				CLANG_WARN_INT_CONVERSION = YES;
				CLANG_WARN_OBJC_ROOT_CLASS = YES_ERROR;
				CLANG_WARN_UNREACHABLE_CODE = YES;
				CLANG_WARN__DUPLICATE_METHOD_MATCH = YES;
				"CODE_SIGN_IDENTITY[sdk=iphoneos*]" = "iPhone Developer";
				COPY_PHASE_STRIP = NO;
				DEBUG_INFORMATION_FORMAT = "dwarf-with-dsym";
				ENABLE_NS_ASSERTIONS = NO;
				ENABLE_STRICT_OBJC_MSGSEND = YES;
				GCC_C_LANGUAGE_STANDARD = gnu99;
				GCC_NO_COMMON_BLOCKS = YES;
				GCC_WARN_64_TO_32_BIT_CONVERSION = YES;
				GCC_WARN_ABOUT_RETURN_TYPE = YES_ERROR;
				GCC_WARN_UNDECLARED_SELECTOR = YES;
				GCC_WARN_UNINITIALIZED_AUTOS = YES_AGGRESSIVE;
				GCC_WARN_UNUSED_FUNCTION = YES;
				GCC_WARN_UNUSED_VARIABLE = YES;
				IPHONEOS_DEPLOYMENT_TARGET = 9.2;
				MTL_ENABLE_DEBUG_INFO = NO;
				SDKROOT = iphoneos;
				TARGETED_DEVICE_FAMILY = "1,2";
				VALIDATE_PRODUCT = YES;
			};
			name = Release;
		};
		C5E354CF1C7D49F50058D026 /* Debug */ = {
			isa = XCBuildConfiguration;
			buildSettings = {
				ASSETCATALOG_COMPILER_APPICON_NAME = AppIcon;
				INFOPLIST_FILE = RunTimeApply/Info.plist;
				LD_RUNPATH_SEARCH_PATHS = "$(inherited) @executable_path/Frameworks";
				PRODUCT_BUNDLE_IDENTIFIER = dashu.RunTimeApply;
				PRODUCT_NAME = "$(TARGET_NAME)";
			};
			name = Debug;
		};
		C5E354D01C7D49F50058D026 /* Release */ = {
			isa = XCBuildConfiguration;
			buildSettings = {
				ASSETCATALOG_COMPILER_APPICON_NAME = AppIcon;
				INFOPLIST_FILE = RunTimeApply/Info.plist;
				LD_RUNPATH_SEARCH_PATHS = "$(inherited) @executable_path/Frameworks";
				PRODUCT_BUNDLE_IDENTIFIER = dashu.RunTimeApply;
				PRODUCT_NAME = "$(TARGET_NAME)";
			};
			name = Release;
		};
		C5E354D21C7D49F50058D026 /* Debug */ = {
			isa = XCBuildConfiguration;
			buildSettings = {
				BUNDLE_LOADER = "$(TEST_HOST)";
				INFOPLIST_FILE = RunTimeApplyTests/Info.plist;
				LD_RUNPATH_SEARCH_PATHS = "$(inherited) @executable_path/Frameworks @loader_path/Frameworks";
				PRODUCT_BUNDLE_IDENTIFIER = dashu.RunTimeApplyTests;
				PRODUCT_NAME = "$(TARGET_NAME)";
				TEST_HOST = "$(BUILT_PRODUCTS_DIR)/RunTimeApply.app/RunTimeApply";
			};
			name = Debug;
		};
		C5E354D31C7D49F50058D026 /* Release */ = {
			isa = XCBuildConfiguration;
			buildSettings = {
				BUNDLE_LOADER = "$(TEST_HOST)";
				INFOPLIST_FILE = RunTimeApplyTests/Info.plist;
				LD_RUNPATH_SEARCH_PATHS = "$(inherited) @executable_path/Frameworks @loader_path/Frameworks";
				PRODUCT_BUNDLE_IDENTIFIER = dashu.RunTimeApplyTests;
				PRODUCT_NAME = "$(TARGET_NAME)";
				TEST_HOST = "$(BUILT_PRODUCTS_DIR)/RunTimeApply.app/RunTimeApply";
			};
			name = Release;
		};
		C5E354D51C7D49F50058D026 /* Debug */ = {
			isa = XCBuildConfiguration;
			buildSettings = {
				INFOPLIST_FILE = RunTimeApplyUITests/Info.plist;
				LD_RUNPATH_SEARCH_PATHS = "$(inherited) @executable_path/Frameworks @loader_path/Frameworks";
				PRODUCT_BUNDLE_IDENTIFIER = dashu.RunTimeApplyUITests;
				PRODUCT_NAME = "$(TARGET_NAME)";
				TEST_TARGET_NAME = RunTimeApply;
				USES_XCTRUNNER = YES;
			};
			name = Debug;
		};
		C5E354D61C7D49F50058D026 /* Release */ = {
			isa = XCBuildConfiguration;
			buildSettings = {
				INFOPLIST_FILE = RunTimeApplyUITests/Info.plist;
				LD_RUNPATH_SEARCH_PATHS = "$(inherited) @executable_path/Frameworks @loader_path/Frameworks";
				PRODUCT_BUNDLE_IDENTIFIER = dashu.RunTimeApplyUITests;
				PRODUCT_NAME = "$(TARGET_NAME)";
				TEST_TARGET_NAME = RunTimeApply;
				USES_XCTRUNNER = YES;
			};
			name = Release;
		};
/* End XCBuildConfiguration section */

/* Begin XCConfigurationList section */
		C5E3549C1C7D49F40058D026 /* Build configuration list for PBXProject "RunTimeApply" */ = {
			isa = XCConfigurationList;
			buildConfigurations = (
				C5E354CC1C7D49F50058D026 /* Debug */,
				C5E354CD1C7D49F50058D026 /* Release */,
			);
			defaultConfigurationIsVisible = 0;
			defaultConfigurationName = Release;
		};
		C5E354CE1C7D49F50058D026 /* Build configuration list for PBXNativeTarget "RunTimeApply" */ = {
			isa = XCConfigurationList;
			buildConfigurations = (
				C5E354CF1C7D49F50058D026 /* Debug */,
				C5E354D01C7D49F50058D026 /* Release */,
			);
			defaultConfigurationIsVisible = 0;
		};
		C5E354D11C7D49F50058D026 /* Build configuration list for PBXNativeTarget "RunTimeApplyTests" */ = {
			isa = XCConfigurationList;
			buildConfigurations = (
				C5E354D21C7D49F50058D026 /* Debug */,
				C5E354D31C7D49F50058D026 /* Release */,
			);
			defaultConfigurationIsVisible = 0;
		};
		C5E354D41C7D49F50058D026 /* Build configuration list for PBXNativeTarget "RunTimeApplyUITests" */ = {
			isa = XCConfigurationList;
			buildConfigurations = (
				C5E354D51C7D49F50058D026 /* Debug */,
				C5E354D61C7D49F50058D026 /* Release */,
			);
			defaultConfigurationIsVisible = 0;
		};
/* End XCConfigurationList section */
	};
	rootObject = C5E354991C7D49F40058D026 /* Project object */;
}
